
Microsoft Visual Studio Solution File, Format Version 12.00
Project("{FAE04EC0-301F-11D3-BF4B-00C04F79EFBC}") = "LocalSearch", "LocalSearch\LocalSearch.csproj", "{1DF13B8B-E3C3-4E5E-A651-7A575A946B16}"
EndProject
Global
	GlobalSection(SolutionConfigurationPlatforms) = preSolution
		Debug|Any CPU = Debug|Any CPU
		Release|Any CPU = Release|Any CPU
	EndGlobalSection
	GlobalSection(ProjectConfigurationPlatforms) = postSolution
		{1DF13B8B-E3C3-4E5E-A651-7A575A946B16}.Debug|Any CPU.ActiveCfg = Debug|Any CPU
		{1DF13B8B-E3C3-4E5E-A651-7A575A946B16}.Debug|Any CPU.Build.0 = Debug|Any CPU
		{1DF13B8B-E3C3-4E5E-A651-7A575A946B16}.Release|Any CPU.ActiveCfg = Release|Any CPU
		{1DF13B8B-E3C3-4E5E-A651-7A575A946B16}.Release|Any CPU.Build.0 = Release|Any CPU
	EndGlobalSection
EndGlobal
