
Microsoft Visual Studio Solution File, Format Version 12.00
# 
Project("{FAE04EC0-301F-11D3-BF4B-00C04F79EFBC}") = "TuringMachine", "TuringMachine\TuringMachine.csproj", "{8FE6DBD1-8D17-44BE-AA03-9C79528AE8B0}"
EndProject
Project("{FAE04EC0-301F-11D3-BF4B-00C04F79EFBC}") = "TuringMachine.Tests", "TuringMachine.Tests\TuringMachine.Tests.csproj", "{C030EAD8-5558-4B36-8A05-85A5007DFB52}"
EndProject
Global
	GlobalSection(SolutionConfigurationPlatforms) = preSolution
		Debug|Any CPU = Debug|Any CPU
		Release|Any CPU = Release|Any CPU
	EndGlobalSection
	GlobalSection(ProjectConfigurationPlatforms) = postSolution
		{8FE6DBD1-8D17-44BE-AA03-9C79528AE8B0}.Debug|Any CPU.ActiveCfg = Debug|Any CPU
		{8FE6DBD1-8D17-44BE-AA03-9C79528AE8B0}.Debug|Any CPU.Build.0 = Debug|Any CPU
		{8FE6DBD1-8D17-44BE-AA03-9C79528AE8B0}.Release|Any CPU.ActiveCfg = Release|Any CPU
		{8FE6DBD1-8D17-44BE-AA03-9C79528AE8B0}.Release|Any CPU.Build.0 = Release|Any CPU
		{C030EAD8-5558-4B36-8A05-85A5007DFB52}.Debug|Any CPU.ActiveCfg = Debug|Any CPU
		{C030EAD8-5558-4B36-8A05-85A5007DFB52}.Debug|Any CPU.Build.0 = Debug|Any CPU
		{C030EAD8-5558-4B36-8A05-85A5007DFB52}.Release|Any CPU.ActiveCfg = Release|Any CPU
		{C030EAD8-5558-4B36-8A05-85A5007DFB52}.Release|Any CPU.Build.0 = Release|Any CPU
	EndGlobalSection
EndGlobal
